// !$*UTF8*$!
{
	archiveVersion = 1;
	classes = {
	};
	objectVersion = 46;
	objects = {

/* Begin PBXBuildFile section */
		80ADC0C51A009BCA00666C25 /* AppDelegate.swift in Sources */ = {isa = PBXBuildFile; fileRef = 80ADC0C41A009BCA00666C25 /* AppDelegate.swift */; };
		80ADC0C71A009BCA00666C25 /* ViewController.swift in Sources */ = {isa = PBXBuildFile; fileRef = 80ADC0C61A009BCA00666C25 /* ViewController.swift */; };
		80ADC0CA1A009BCA00666C25 /* Main.storyboard in Resources */ = {isa = PBXBuildFile; fileRef = 80ADC0C81A009BCA00666C25 /* Main.storyboard */; };
		80ADC0CC1A009BCA00666C25 /* Images.xcassets in Resources */ = {isa = PBXBuildFile; fileRef = 80ADC0CB1A009BCA00666C25 /* Images.xcassets */; };
		80ADC0CF1A009BCA00666C25 /* LaunchScreen.xib in Resources */ = {isa = PBXBuildFile; fileRef = 80ADC0CD1A009BCA00666C25 /* LaunchScreen.xib */; };
		80ADC0DB1A009BCA00666C25 /* thaanaTests.swift in Sources */ = {isa = PBXBuildFile; fileRef = 80ADC0DA1A009BCA00666C25 /* thaanaTests.swift */; };
		80ADC0E81A00A6B800666C25 /* Faseyha.ttf in Resources */ = {isa = PBXBuildFile; fileRef = 80ADC0E71A00A6B800666C25 /* Faseyha.ttf */; };
		80ADC0EA1A00B27F00666C25 /* MV_Faseyha.otf in Resources */ = {isa = PBXBuildFile; fileRef = 80ADC0E91A00B27F00666C25 /* MV_Faseyha.otf */; };
/* End PBXBuildFile section */

/* Begin PBXContainerItemProxy section */
		80ADC0D51A009BCA00666C25 /* PBXContainerItemProxy */ = {
			isa = PBXContainerItemProxy;
			containerPortal = 80ADC0B71A009BCA00666C25 /* Project object */;
			proxyType = 1;
			remoteGlobalIDString = 80ADC0BE1A009BCA00666C25;
			remoteInfo = thaana;
		};
/* End PBXContainerItemProxy section */

/* Begin PBXFileReference section */
		80ADC0BF1A009BCA00666C25 /* thaana.app */ = {isa = PBXFileReference; explicitFileType = wrapper.application; includeInIndex = 0; path = thaana.app; sourceTree = BUILT_PRODUCTS_DIR; };
		80ADC0C31A009BCA00666C25 /* Info.plist */ = {isa = PBXFileReference; lastKnownFileType = text.plist.xml; path = Info.plist; sourceTree = "<group>"; };
		80ADC0C41A009BCA00666C25 /* AppDelegate.swift */ = {isa = PBXFileReference; lastKnownFileType = sourcecode.swift; path = AppDelegate.swift; sourceTree = "<group>"; };
		80ADC0C61A009BCA00666C25 /* ViewController.swift */ = {isa = PBXFileReference; lastKnownFileType = sourcecode.swift; path = ViewController.swift; sourceTree = "<group>"; };
		80ADC0C91A009BCA00666C25 /* Base */ = {isa = PBXFileReference; lastKnownFileType = file.storyboard; name = Base; path = Base.lproj/Main.storyboard; sourceTree = "<group>"; };
		80ADC0CB1A009BCA00666C25 /* Images.xcassets */ = {isa = PBXFileReference; lastKnownFileType = folder.assetcatalog; path = Images.xcassets; sourceTree = "<group>"; };
		80ADC0CE1A009BCA00666C25 /* Base */ = {isa = PBXFileReference; lastKnownFileType = file.xib; name = Base; path = Base.lproj/LaunchScreen.xib; sourceTree = "<group>"; };
		80ADC0D41A009BCA00666C25 /* thaanaTests.xctest */ = {isa = PBXFileReference; explicitFileType = wrapper.cfbundle; includeInIndex = 0; path = thaanaTests.xctest; sourceTree = BUILT_PRODUCTS_DIR; };
		80ADC0D91A009BCA00666C25 /* Info.plist */ = {isa = PBXFileReference; lastKnownFileType = text.plist.xml; path = Info.plist; sourceTree = "<group>"; };
		80ADC0DA1A009BCA00666C25 /* thaanaTests.swift */ = {isa = PBXFileReference; lastKnownFileType = sourcecode.swift; path = thaanaTests.swift; sourceTree = "<group>"; };
		80ADC0E71A00A6B800666C25 /* Faseyha.ttf */ = {isa = PBXFileReference; lastKnownFileType = file; path = Faseyha.ttf; sourceTree = "<group>"; };
		80ADC0E91A00B27F00666C25 /* MV_Faseyha.otf */ = {isa = PBXFileReference; lastKnownFileType = file; path = MV_Faseyha.otf; sourceTree = "<group>"; };
/* End PBXFileReference section */

/* Begin PBXFrameworksBuildPhase section */
		80ADC0BC1A009BCA00666C25 /* Frameworks */ = {
			isa = PBXFrameworksBuildPhase;
			buildActionMask = 2147483647;
			files = (
			);
			runOnlyForDeploymentPostprocessing = 0;
		};
		80ADC0D11A009BCA00666C25 /* Frameworks */ = {
			isa = PBXFrameworksBuildPhase;
			buildActionMask = 2147483647;
			files = (
			);
			runOnlyForDeploymentPostprocessing = 0;
		};
/* End PBXFrameworksBuildPhase section */

/* Begin PBXGroup section */
		80ADC0B61A009BCA00666C25 = {
			isa = PBXGroup;
			children = (
				80ADC0C11A009BCA00666C25 /* thaana */,
				80ADC0D71A009BCA00666C25 /* thaanaTests */,
				80ADC0C01A009BCA00666C25 /* Products */,
			);
			sourceTree = "<group>";
		};
		80ADC0C01A009BCA00666C25 /* Products */ = {
			isa = PBXGroup;
			children = (
				80ADC0BF1A009BCA00666C25 /* thaana.app */,
				80ADC0D41A009BCA00666C25 /* thaanaTests.xctest */,
			);
			name = Products;
			sourceTree = "<group>";
		};
		80ADC0C11A009BCA00666C25 /* thaana */ = {
			isa = PBXGroup;
			children = (
				80ADC0C41A009BCA00666C25 /* AppDelegate.swift */,
				80ADC0C61A009BCA00666C25 /* ViewController.swift */,
				80ADC0C81A009BCA00666C25 /* Main.storyboard */,
				80ADC0CB1A009BCA00666C25 /* Images.xcassets */,
				80ADC0CD1A009BCA00666C25 /* LaunchScreen.xib */,
				80ADC0E91A00B27F00666C25 /* MV_Faseyha.otf */,
				80ADC0E71A00A6B800666C25 /* Faseyha.ttf */,
				80ADC0C21A009BCA00666C25 /* Supporting Files */,
			);
			path = thaana;
			sourceTree = "<group>";
		};
		80ADC0C21A009BCA00666C25 /* Supporting Files */ = {
			isa = PBXGroup;
			children = (
				80ADC0C31A009BCA00666C25 /* Info.plist */,
			);
			name = "Supporting Files";
			sourceTree = "<group>";
		};
		80ADC0D71A009BCA00666C25 /* thaanaTests */ = {
			isa = PBXGroup;
			children = (
				80ADC0DA1A009BCA00666C25 /* thaanaTests.swift */,
				80ADC0D81A009BCA00666C25 /* Supporting Files */,
			);
			path = thaanaTests;
			sourceTree = "<group>";
		};
		80ADC0D81A009BCA00666C25 /* Supporting Files */ = {
			isa = PBXGroup;
			children = (
				80ADC0D91A009BCA00666C25 /* Info.plist */,
			);
			name = "Supporting Files";
			sourceTree = "<group>";
		};
/* End PBXGroup section */

/* Begin PBXNativeTarget section */
		80ADC0BE1A009BCA00666C25 /* thaana */ = {
			isa = PBXNativeTarget;
			buildConfigurationList = 80ADC0DE1A009BCA00666C25 /* Build configuration list for PBXNativeTarget "thaana" */;
			buildPhases = (
				80ADC0BB1A009BCA00666C25 /* Sources */,
				80ADC0BC1A009BCA00666C25 /* Frameworks */,
				80ADC0BD1A009BCA00666C25 /* Resources */,
			);
			buildRules = (
			);
			dependencies = (
			);
			name = thaana;
			productName = thaana;
			productReference = 80ADC0BF1A009BCA00666C25 /* thaana.app */;
			productType = "com.apple.product-type.application";
		};
		80ADC0D31A009BCA00666C25 /* thaanaTests */ = {
			isa = PBXNativeTarget;
			buildConfigurationList = 80ADC0E11A009BCA00666C25 /* Build configuration list for PBXNativeTarget "thaanaTests" */;
			buildPhases = (
				80ADC0D01A009BCA00666C25 /* Sources */,
				80ADC0D11A009BCA00666C25 /* Frameworks */,
				80ADC0D21A009BCA00666C25 /* Resources */,
			);
			buildRules = (
			);
			dependencies = (
				80ADC0D61A009BCA00666C25 /* PBXTargetDependency */,
			);
			name = thaanaTests;
			productName = thaanaTests;
			productReference = 80ADC0D41A009BCA00666C25 /* thaanaTests.xctest */;
			productType = "com.apple.product-type.bundle.unit-test";
		};
/* End PBXNativeTarget section */

/* Begin PBXProject section */
		80ADC0B71A009BCA00666C25 /* Project object */ = {
			isa = PBXProject;
			attributes = {
				LastUpgradeCheck = 0610;
				ORGANIZATIONNAME = "Jinah Adam";
				TargetAttributes = {
					80ADC0BE1A009BCA00666C25 = {
						CreatedOnToolsVersion = 6.1;
					};
					80ADC0D31A009BCA00666C25 = {
						CreatedOnToolsVersion = 6.1;
						TestTargetID = 80ADC0BE1A009BCA00666C25;
					};
				};
			};
			buildConfigurationList = 80ADC0BA1A009BCA00666C25 /* Build configuration list for PBXProject "thaana" */;
			compatibilityVersion = "Xcode 3.2";
			developmentRegion = English;
			hasScannedForEncodings = 0;
			knownRegions = (
				en,
				Base,
			);
			mainGroup = 80ADC0B61A009BCA00666C25;
			productRefGroup = 80ADC0C01A009BCA00666C25 /* Products */;
			projectDirPath = "";
			projectRoot = "";
			targets = (
				80ADC0BE1A009BCA00666C25 /* thaana */,
				80ADC0D31A009BCA00666C25 /* thaanaTests */,
			);
		};
/* End PBXProject section */

/* Begin PBXResourcesBuildPhase section */
		80ADC0BD1A009BCA00666C25 /* Resources */ = {
			isa = PBXResourcesBuildPhase;
			buildActionMask = 2147483647;
			files = (
				80ADC0CA1A009BCA00666C25 /* Main.storyboard in Resources */,
				80ADC0CF1A009BCA00666C25 /* LaunchScreen.xib in Resources */,
				80ADC0E81A00A6B800666C25 /* Faseyha.ttf in Resources */,
				80ADC0CC1A009BCA00666C25 /* Images.xcassets in Resources */,
				80ADC0EA1A00B27F00666C25 /* MV_Faseyha.otf in Resources */,
			);
			runOnlyForDeploymentPostprocessing = 0;
		};
		80ADC0D21A009BCA00666C25 /* Resources */ = {
			isa = PBXResourcesBuildPhase;
			buildActionMask = 2147483647;
			files = (
			);
			runOnlyForDeploymentPostprocessing = 0;
		};
/* End PBXResourcesBuildPhase section */

/* Begin PBXSourcesBuildPhase section */
		80ADC0BB1A009BCA00666C25 /* Sources */ = {
			isa = PBXSourcesBuildPhase;
			buildActionMask = 2147483647;
			files = (
				80ADC0C71A009BCA00666C25 /* ViewController.swift in Sources */,
				80ADC0C51A009BCA00666C25 /* AppDelegate.swift in Sources */,
			);
			runOnlyForDeploymentPostprocessing = 0;
		};
		80ADC0D01A009BCA00666C25 /* Sources */ = {
			isa = PBXSourcesBuildPhase;
			buildActionMask = 2147483647;
			files = (
				80ADC0DB1A009BCA00666C25 /* thaanaTests.swift in Sources */,
			);
			runOnlyForDeploymentPostprocessing = 0;
		};
/* End PBXSourcesBuildPhase section */

/* Begin PBXTargetDependency section */
		80ADC0D61A009BCA00666C25 /* PBXTargetDependency */ = {
			isa = PBXTargetDependency;
			target = 80ADC0BE1A009BCA00666C25 /* thaana */;
			targetProxy = 80ADC0D51A009BCA00666C25 /* PBXContainerItemProxy */;
		};
/* End PBXTargetDependency section */

/* Begin PBXVariantGroup section */
		80ADC0C81A009BCA00666C25 /* Main.storyboard */ = {
			isa = PBXVariantGroup;
			children = (
				80ADC0C91A009BCA00666C25 /* Base */,
			);
			name = Main.storyboard;
			sourceTree = "<group>";
		};
		80ADC0CD1A009BCA00666C25 /* LaunchScreen.xib */ = {
			isa = PBXVariantGroup;
			children = (
				80ADC0CE1A009BCA00666C25 /* Base */,
			);
			name = LaunchScreen.xib;
			sourceTree = "<group>";
		};
/* End PBXVariantGroup section */

/* Begin XCBuildConfiguration section */
		80ADC0DC1A009BCA00666C25 /* Debug */ = {
			isa = XCBuildConfiguration;
			buildSettings = {
				ALWAYS_SEARCH_USER_PATHS = NO;
				CLANG_CXX_LANGUAGE_STANDARD = "gnu++0x";
				CLANG_CXX_LIBRARY = "libc++";
				CLANG_ENABLE_MODULES = YES;
				CLANG_ENABLE_OBJC_ARC = YES;
				CLANG_WARN_BOOL_CONVERSION = YES;
				CLANG_WARN_CONSTANT_CONVERSION = YES;
				CLANG_WARN_DIRECT_OBJC_ISA_USAGE = YES_ERROR;
				CLANG_WARN_EMPTY_BODY = YES;
				CLANG_WARN_ENUM_CONVERSION = YES;
				CLANG_WARN_INT_CONVERSION = YES;
				CLANG_WARN_OBJC_ROOT_CLASS = YES_ERROR;
				CLANG_WARN_UNREACHABLE_CODE = YES;
				CLANG_WARN__DUPLICATE_METHOD_MATCH = YES;
				"CODE_SIGN_IDENTITY[sdk=iphoneos*]" = "iPhone Developer";
				COPY_PHASE_STRIP = NO;
				ENABLE_STRICT_OBJC_MSGSEND = YES;
				GCC_C_LANGUAGE_STANDARD = gnu99;
				GCC_DYNAMIC_NO_PIC = NO;
				GCC_OPTIMIZATION_LEVEL = 0;
				GCC_PREPROCESSOR_DEFINITIONS = (
					"DEBUG=1",
					"$(inherited)",
				);
				GCC_SYMBOLS_PRIVATE_EXTERN = NO;
				GCC_WARN_64_TO_32_BIT_CONVERSION = YES;
				GCC_WARN_ABOUT_RETURN_TYPE = YES_ERROR;
				GCC_WARN_UNDECLARED_SELECTOR = YES;
				GCC_WARN_UNINITIALIZED_AUTOS = YES_AGGRESSIVE;
				GCC_WARN_UNUSED_FUNCTION = YES;
				GCC_WARN_UNUSED_VARIABLE = YES;
				IPHONEOS_DEPLOYMENT_TARGET = 8.1;
				MTL_ENABLE_DEBUG_INFO = YES;
				ONLY_ACTIVE_ARCH = YES;
				SDKROOT = iphoneos;
				SWIFT_OPTIMIZATION_LEVEL = "-Onone";
				TARGETED_DEVICE_FAMILY = "1,2";
			};
			name = Debug;
		};
		80ADC0DD1A009BCA00666C25 /* Release */ = {
			isa = XCBuildConfiguration;
			buildSettings = {
				ALWAYS_SEARCH_USER_PATHS = NO;
				CLANG_CXX_LANGUAGE_STANDARD = "gnu++0x";
				CLANG_CXX_LIBRARY = "libc++";
				CLANG_ENABLE_MODULES = YES;
				CLANG_ENABLE_OBJC_ARC = YES;
				CLANG_WARN_BOOL_CONVERSION = YES;
				CLANG_WARN_CONSTANT_CONVERSION = YES;
				CLANG_WARN_DIRECT_OBJC_ISA_USAGE = YES_ERROR;
				CLANG_WARN_EMPTY_BODY = YES;
				CLANG_WARN_ENUM_CONVERSION = YES;
				CLANG_WARN_INT_CONVERSION = YES;
				CLANG_WARN_OBJC_ROOT_CLASS = YES_ERROR;
				CLANG_WARN_UNREACHABLE_CODE = YES;
				CLANG_WARN__DUPLICATE_METHOD_MATCH = YES;
				"CODE_SIGN_IDENTITY[sdk=iphoneos*]" = "iPhone Developer";
				COPY_PHASE_STRIP = YES;
				ENABLE_NS_ASSERTIONS = NO;
				ENABLE_STRICT_OBJC_MSGSEND = YES;
				GCC_C_LANGUAGE_STANDARD = gnu99;
				GCC_WARN_64_TO_32_BIT_CONVERSION = YES;
				GCC_WARN_ABOUT_RETURN_TYPE = YES_ERROR;
				GCC_WARN_UNDECLARED_SELECTOR = YES;
				GCC_WARN_UNINITIALIZED_AUTOS = YES_AGGRESSIVE;
				GCC_WARN_UNUSED_FUNCTION = YES;
				GCC_WARN_UNUSED_VARIABLE = YES;
				IPHONEOS_DEPLOYMENT_TARGET = 8.1;
				MTL_ENABLE_DEBUG_INFO = NO;
				SDKROOT = iphoneos;
				TARGETED_DEVICE_FAMILY = "1,2";
				VALIDATE_PRODUCT = YES;
			};
			name = Release;
		};
		80ADC0DF1A009BCA00666C25 /* Debug */ = {
			isa = XCBuildConfiguration;
			buildSettings = {
				ASSETCATALOG_COMPILER_APPICON_NAME = AppIcon;
				INFOPLIST_FILE = thaana/Info.plist;
				LD_RUNPATH_SEARCH_PATHS = "$(inherited) @executable_path/Frameworks";
				PRODUCT_NAME = "$(TARGET_NAME)";
			};
			name = Debug;
		};
		80ADC0E01A009BCA00666C25 /* Release */ = {
			isa = XCBuildConfiguration;
			buildSettings = {
				ASSETCATALOG_COMPILER_APPICON_NAME = AppIcon;
				INFOPLIST_FILE = thaana/Info.plist;
				LD_RUNPATH_SEARCH_PATHS = "$(inherited) @executable_path/Frameworks";
				PRODUCT_NAME = "$(TARGET_NAME)";
			};
			name = Release;
		};
		80ADC0E21A009BCA00666C25 /* Debug */ = {
			isa = XCBuildConfiguration;
			buildSettings = {
				BUNDLE_LOADER = "$(TEST_HOST)";
				FRAMEWORK_SEARCH_PATHS = (
					"$(SDKROOT)/Developer/Library/Frameworks",
					"$(inherited)",
				);
				GCC_PREPROCESSOR_DEFINITIONS = (
					"DEBUG=1",
					"$(inherited)",
				);
				INFOPLIST_FILE = thaanaTests/Info.plist;
				LD_RUNPATH_SEARCH_PATHS = "$(inherited) @executable_path/Frameworks @loader_path/Frameworks";
				PRODUCT_NAME = "$(TARGET_NAME)";
				TEST_HOST = "$(BUILT_PRODUCTS_DIR)/thaana.app/thaana";
			};
			name = Debug;
		};
		80ADC0E31A009BCA00666C25 /* Release */ = {
			isa = XCBuildConfiguration;
			buildSettings = {
				BUNDLE_LOADER = "$(TEST_HOST)";
				FRAMEWORK_SEARCH_PATHS = (
					"$(SDKROOT)/Developer/Library/Frameworks",
					"$(inherited)",
				);
				INFOPLIST_FILE = thaanaTests/Info.plist;
				LD_RUNPATH_SEARCH_PATHS = "$(inherited) @executable_path/Frameworks @loader_path/Frameworks";
				PRODUCT_NAME = "$(TARGET_NAME)";
				TEST_HOST = "$(BUILT_PRODUCTS_DIR)/thaana.app/thaana";
			};
			name = Release;
		};
/* End XCBuildConfiguration section */

/* Begin XCConfigurationList section */
		80ADC0BA1A009BCA00666C25 /* Build configuration list for PBXProject "thaana" */ = {
			isa = XCConfigurationList;
			buildConfigurations = (
				80ADC0DC1A009BCA00666C25 /* Debug */,
				80ADC0DD1A009BCA00666C25 /* Release */,
			);
			defaultConfigurationIsVisible = 0;
			defaultConfigurationName = Release;
		};
		80ADC0DE1A009BCA00666C25 /* Build configuration list for PBXNativeTarget "thaana" */ = {
			isa = XCConfigurationList;
			buildConfigurations = (
				80ADC0DF1A009BCA00666C25 /* Debug */,
				80ADC0E01A009BCA00666C25 /* Release */,
			);
			defaultConfigurationIsVisible = 0;
		};
		80ADC0E11A009BCA00666C25 /* Build configuration list for PBXNativeTarget "thaanaTests" */ = {
			isa = XCConfigurationList;
			buildConfigurations = (
				80ADC0E21A009BCA00666C25 /* Debug */,
				80ADC0E31A009BCA00666C25 /* Release */,
			);
			defaultConfigurationIsVisible = 0;
		};
/* End XCConfigurationList section */
	};
	rootObject = 80ADC0B71A009BCA00666C25 /* Project object */;
}
